// !$*UTF8*$!
{
	archiveVersion = 1;
	classes = {
	};
	objectVersion = 56;
	objects = {

/* Begin PBXBuildFile section */
		835D95022B305D0D0043FEBD /* LayerInfo.swift in Sources */ = {isa = PBXBuildFile; fileRef = 835D95012B305D0D0043FEBD /* LayerInfo.swift */; };
		B4024DC32B2800A800051012 /* AppDelegate.swift in Sources */ = {isa = PBXBuildFile; fileRef = B4024DC22B2800A800051012 /* AppDelegate.swift */; };
		B4024DC52B2800A800051012 /* SceneDelegate.swift in Sources */ = {isa = PBXBuildFile; fileRef = B4024DC42B2800A800051012 /* SceneDelegate.swift */; };
		B4024DCA2B2800A800051012 /* Main.storyboard in Resources */ = {isa = PBXBuildFile; fileRef = B4024DC82B2800A800051012 /* Main.storyboard */; };
		B4024DCC2B2800AB00051012 /* Assets.xcassets in Resources */ = {isa = PBXBuildFile; fileRef = B4024DCB2B2800AB00051012 /* Assets.xcassets */; };
		B4024DCF2B2800AB00051012 /* LaunchScreen.storyboard in Resources */ = {isa = PBXBuildFile; fileRef = B4024DCD2B2800AB00051012 /* LaunchScreen.storyboard */; };
		B4024DD72B28024400051012 /* FlowerViewController.swift in Sources */ = {isa = PBXBuildFile; fileRef = B4024DD62B28024400051012 /* FlowerViewController.swift */; };
		B4024DDB2B28041F00051012 /* FlowerPart.swift in Sources */ = {isa = PBXBuildFile; fileRef = B4024DDA2B28041F00051012 /* FlowerPart.swift */; };
		B4024DDF2B2809F200051012 /* MakeUIView.swift in Sources */ = {isa = PBXBuildFile; fileRef = B4024DDE2B2809F200051012 /* MakeUIView.swift */; };
		B4024DE12B280A8F00051012 /* MakePrunusmume.swift in Sources */ = {isa = PBXBuildFile; fileRef = B4024DE02B280A8F00051012 /* MakePrunusmume.swift */; };
		B4024DE32B2827CD00051012 /* PrimaryColor.swift in Sources */ = {isa = PBXBuildFile; fileRef = B4024DE22B2827CD00051012 /* PrimaryColor.swift */; };
		B4024DE72B28388800051012 /* MakeDragonfily.swift in Sources */ = {isa = PBXBuildFile; fileRef = B4024DE62B28388800051012 /* MakeDragonfily.swift */; };
		B41133122B30361900C8AB7D /* FlowerInfo.swift in Sources */ = {isa = PBXBuildFile; fileRef = B41133112B30361900C8AB7D /* FlowerInfo.swift */; };
		B42281732B2BEF5A00F9F6AC /* MakeOtherFlower.swift in Sources */ = {isa = PBXBuildFile; fileRef = B42281722B2BEF5A00F9F6AC /* MakeOtherFlower.swift */; };
		B488A58A2B2C3E4600AA7575 /* MenuViewController.swift in Sources */ = {isa = PBXBuildFile; fileRef = B488A5892B2C3E4600AA7575 /* MenuViewController.swift */; };
/* End PBXBuildFile section */

/* Begin PBXFileReference section */
		835D95012B305D0D0043FEBD /* LayerInfo.swift */ = {isa = PBXFileReference; lastKnownFileType = sourcecode.swift; path = LayerInfo.swift; sourceTree = "<group>"; };
		B4024DBF2B2800A800051012 /* Flower.app */ = {isa = PBXFileReference; explicitFileType = wrapper.application; includeInIndex = 0; path = Flower.app; sourceTree = BUILT_PRODUCTS_DIR; };
		B4024DC22B2800A800051012 /* AppDelegate.swift */ = {isa = PBXFileReference; lastKnownFileType = sourcecode.swift; path = AppDelegate.swift; sourceTree = "<group>"; };
		B4024DC42B2800A800051012 /* SceneDelegate.swift */ = {isa = PBXFileReference; lastKnownFileType = sourcecode.swift; path = SceneDelegate.swift; sourceTree = "<group>"; };
		B4024DC92B2800A800051012 /* Base */ = {isa = PBXFileReference; lastKnownFileType = file.storyboard; name = Base; path = Base.lproj/Main.storyboard; sourceTree = "<group>"; };
		B4024DCB2B2800AB00051012 /* Assets.xcassets */ = {isa = PBXFileReference; lastKnownFileType = folder.assetcatalog; path = Assets.xcassets; sourceTree = "<group>"; };
		B4024DCE2B2800AB00051012 /* Base */ = {isa = PBXFileReference; lastKnownFileType = file.storyboard; name = Base; path = Base.lproj/LaunchScreen.storyboard; sourceTree = "<group>"; };
		B4024DD02B2800AB00051012 /* Info.plist */ = {isa = PBXFileReference; lastKnownFileType = text.plist.xml; path = Info.plist; sourceTree = "<group>"; };
		B4024DD62B28024400051012 /* FlowerViewController.swift */ = {isa = PBXFileReference; lastKnownFileType = sourcecode.swift; path = FlowerViewController.swift; sourceTree = "<group>"; };
		B4024DDA2B28041F00051012 /* FlowerPart.swift */ = {isa = PBXFileReference; lastKnownFileType = sourcecode.swift; path = FlowerPart.swift; sourceTree = "<group>"; };
		B4024DDE2B2809F200051012 /* MakeUIView.swift */ = {isa = PBXFileReference; lastKnownFileType = sourcecode.swift; path = MakeUIView.swift; sourceTree = "<group>"; };
		B4024DE02B280A8F00051012 /* MakePrunusmume.swift */ = {isa = PBXFileReference; lastKnownFileType = sourcecode.swift; path = MakePrunusmume.swift; sourceTree = "<group>"; };
		B4024DE22B2827CD00051012 /* PrimaryColor.swift */ = {isa = PBXFileReference; lastKnownFileType = sourcecode.swift; path = PrimaryColor.swift; sourceTree = "<group>"; };
		B4024DE62B28388800051012 /* MakeDragonfily.swift */ = {isa = PBXFileReference; lastKnownFileType = sourcecode.swift; path = MakeDragonfily.swift; sourceTree = "<group>"; };
		B41133112B30361900C8AB7D /* FlowerInfo.swift */ = {isa = PBXFileReference; lastKnownFileType = sourcecode.swift; path = FlowerInfo.swift; sourceTree = "<group>"; };
		B42281722B2BEF5A00F9F6AC /* MakeOtherFlower.swift */ = {isa = PBXFileReference; lastKnownFileType = sourcecode.swift; path = MakeOtherFlower.swift; sourceTree = "<group>"; };
		B488A5892B2C3E4600AA7575 /* MenuViewController.swift */ = {isa = PBXFileReference; lastKnownFileType = sourcecode.swift; path = MenuViewController.swift; sourceTree = "<group>"; };
/* End PBXFileReference section */

/* Begin PBXFrameworksBuildPhase section */
		B4024DBC2B2800A800051012 /* Frameworks */ = {
			isa = PBXFrameworksBuildPhase;
			buildActionMask = 2147483647;
			files = (
			);
			runOnlyForDeploymentPostprocessing = 0;
		};
/* End PBXFrameworksBuildPhase section */

/* Begin PBXGroup section */
		B4024DB62B2800A800051012 = {
			isa = PBXGroup;
			children = (
				B4024DC12B2800A800051012 /* Flower */,
				B4024DC02B2800A800051012 /* Products */,
			);
			sourceTree = "<group>";
		};
		B4024DC02B2800A800051012 /* Products */ = {
			isa = PBXGroup;
			children = (
				B4024DBF2B2800A800051012 /* Flower.app */,
			);
			name = Products;
			sourceTree = "<group>";
		};
		B4024DC12B2800A800051012 /* Flower */ = {
			isa = PBXGroup;
			children = (
				B4024DC22B2800A800051012 /* AppDelegate.swift */,
				B4024DC42B2800A800051012 /* SceneDelegate.swift */,
				B4024DC82B2800A800051012 /* Main.storyboard */,
				B488A5892B2C3E4600AA7575 /* MenuViewController.swift */,
				B4024DD62B28024400051012 /* FlowerViewController.swift */,
				835D95012B305D0D0043FEBD /* LayerInfo.swift */,
				B41133112B30361900C8AB7D /* FlowerInfo.swift */,
				B4024DE62B28388800051012 /* MakeDragonfily.swift */,
				B42281722B2BEF5A00F9F6AC /* MakeOtherFlower.swift */,
				B4024DE02B280A8F00051012 /* MakePrunusmume.swift */,
				B4024DDA2B28041F00051012 /* FlowerPart.swift */,
				B4024DE22B2827CD00051012 /* PrimaryColor.swift */,
				B4024DDE2B2809F200051012 /* MakeUIView.swift */,
				B4024DCB2B2800AB00051012 /* Assets.xcassets */,
				B4024DCD2B2800AB00051012 /* LaunchScreen.storyboard */,
				B4024DD02B2800AB00051012 /* Info.plist */,
			);
			path = Flower;
			sourceTree = "<group>";
		};
/* End PBXGroup section */

/* Begin PBXNativeTarget section */
		B4024DBE2B2800A800051012 /* Flower */ = {
			isa = PBXNativeTarget;
			buildConfigurationList = B4024DD32B2800AB00051012 /* Build configuration list for PBXNativeTarget "Flower" */;
			buildPhases = (
				B4024DBB2B2800A800051012 /* Sources */,
				B4024DBC2B2800A800051012 /* Frameworks */,
				B4024DBD2B2800A800051012 /* Resources */,
			);
			buildRules = (
			);
			dependencies = (
			);
			name = Flower;
			productName = Flower;
			productReference = B4024DBF2B2800A800051012 /* Flower.app */;
			productType = "com.apple.product-type.application";
		};
/* End PBXNativeTarget section */

/* Begin PBXProject section */
		B4024DB72B2800A800051012 /* Project object */ = {
			isa = PBXProject;
			attributes = {
				BuildIndependentTargetsInParallel = 1;
				LastSwiftUpdateCheck = 1500;
				LastUpgradeCheck = 1500;
				TargetAttributes = {
					B4024DBE2B2800A800051012 = {
						CreatedOnToolsVersion = 15.0;
					};
				};
			};
			buildConfigurationList = B4024DBA2B2800A800051012 /* Build configuration list for PBXProject "Flower" */;
			compatibilityVersion = "Xcode 14.0";
			developmentRegion = en;
			hasScannedForEncodings = 0;
			knownRegions = (
				en,
				Base,
			);
			mainGroup = B4024DB62B2800A800051012;
			productRefGroup = B4024DC02B2800A800051012 /* Products */;
			projectDirPath = "";
			projectRoot = "";
			targets = (
				B4024DBE2B2800A800051012 /* Flower */,
			);
		};
/* End PBXProject section */

/* Begin PBXResourcesBuildPhase section */
		B4024DBD2B2800A800051012 /* Resources */ = {
			isa = PBXResourcesBuildPhase;
			buildActionMask = 2147483647;
			files = (
				B4024DCF2B2800AB00051012 /* LaunchScreen.storyboard in Resources */,
				B4024DCC2B2800AB00051012 /* Assets.xcassets in Resources */,
				B4024DCA2B2800A800051012 /* Main.storyboard in Resources */,
			);
			runOnlyForDeploymentPostprocessing = 0;
		};
/* End PBXResourcesBuildPhase section */

/* Begin PBXSourcesBuildPhase section */
		B4024DBB2B2800A800051012 /* Sources */ = {
			isa = PBXSourcesBuildPhase;
			buildActionMask = 2147483647;
			files = (
				B4024DE32B2827CD00051012 /* PrimaryColor.swift in Sources */,
				B4024DC32B2800A800051012 /* AppDelegate.swift in Sources */,
				B4024DE12B280A8F00051012 /* MakePrunusmume.swift in Sources */,
				835D95022B305D0D0043FEBD /* LayerInfo.swift in Sources */,
				B488A58A2B2C3E4600AA7575 /* MenuViewController.swift in Sources */,
				B4024DE72B28388800051012 /* MakeDragonfily.swift in Sources */,
				B41133122B30361900C8AB7D /* FlowerInfo.swift in Sources */,
				B4024DDB2B28041F00051012 /* FlowerPart.swift in Sources */,
				B4024DC52B2800A800051012 /* SceneDelegate.swift in Sources */,
				B4024DDF2B2809F200051012 /* MakeUIView.swift in Sources */,
				B4024DD72B28024400051012 /* FlowerViewController.swift in Sources */,
				B42281732B2BEF5A00F9F6AC /* MakeOtherFlower.swift in Sources */,
			);
			runOnlyForDeploymentPostprocessing = 0;
		};
/* End PBXSourcesBuildPhase section */

/* Begin PBXVariantGroup section */
		B4024DC82B2800A800051012 /* Main.storyboard */ = {
			isa = PBXVariantGroup;
			children = (
				B4024DC92B2800A800051012 /* Base */,
			);
			name = Main.storyboard;
			sourceTree = "<group>";
		};
		B4024DCD2B2800AB00051012 /* LaunchScreen.storyboard */ = {
			isa = PBXVariantGroup;
			children = (
				B4024DCE2B2800AB00051012 /* Base */,
			);
			name = LaunchScreen.storyboard;
			sourceTree = "<group>";
		};
/* End PBXVariantGroup section */

/* Begin XCBuildConfiguration section */
		B4024DD12B2800AB00051012 /* Debug */ = {
			isa = XCBuildConfiguration;
			buildSettings = {
				ALWAYS_SEARCH_USER_PATHS = NO;
				ASSETCATALOG_COMPILER_GENERATE_SWIFT_ASSET_SYMBOL_EXTENSIONS = YES;
				CLANG_ANALYZER_NONNULL = YES;
				CLANG_ANALYZER_NUMBER_OBJECT_CONVERSION = YES_AGGRESSIVE;
				CLANG_CXX_LANGUAGE_STANDARD = "gnu++20";
				CLANG_ENABLE_MODULES = YES;
				CLANG_ENABLE_OBJC_ARC = YES;
				CLANG_ENABLE_OBJC_WEAK = YES;
				CLANG_WARN_BLOCK_CAPTURE_AUTORELEASING = YES;
				CLANG_WARN_BOOL_CONVERSION = YES;
				CLANG_WARN_COMMA = YES;
				CLANG_WARN_CONSTANT_CONVERSION = YES;
				CLANG_WARN_DEPRECATED_OBJC_IMPLEMENTATIONS = YES;
				CLANG_WARN_DIRECT_OBJC_ISA_USAGE = YES_ERROR;
				CLANG_WARN_DOCUMENTATION_COMMENTS = YES;
				CLANG_WARN_EMPTY_BODY = YES;
				CLANG_WARN_ENUM_CONVERSION = YES;
				CLANG_WARN_INFINITE_RECURSION = YES;
				CLANG_WARN_INT_CONVERSION = YES;
				CLANG_WARN_NON_LITERAL_NULL_CONVERSION = YES;
				CLANG_WARN_OBJC_IMPLICIT_RETAIN_SELF = YES;
				CLANG_WARN_OBJC_LITERAL_CONVERSION = YES;
				CLANG_WARN_OBJC_ROOT_CLASS = YES_ERROR;
				CLANG_WARN_QUOTED_INCLUDE_IN_FRAMEWORK_HEADER = YES;
				CLANG_WARN_RANGE_LOOP_ANALYSIS = YES;
				CLANG_WARN_STRICT_PROTOTYPES = YES;
				CLANG_WARN_SUSPICIOUS_MOVE = YES;
				CLANG_WARN_UNGUARDED_AVAILABILITY = YES_AGGRESSIVE;
				CLANG_WARN_UNREACHABLE_CODE = YES;
				CLANG_WARN__DUPLICATE_METHOD_MATCH = YES;
				COPY_PHASE_STRIP = NO;
				DEBUG_INFORMATION_FORMAT = dwarf;
				ENABLE_STRICT_OBJC_MSGSEND = YES;
				ENABLE_TESTABILITY = YES;
				ENABLE_USER_SCRIPT_SANDBOXING = YES;
				GCC_C_LANGUAGE_STANDARD = gnu17;
				GCC_DYNAMIC_NO_PIC = NO;
				GCC_NO_COMMON_BLOCKS = YES;
				GCC_OPTIMIZATION_LEVEL = 0;
				GCC_PREPROCESSOR_DEFINITIONS = (
					"DEBUG=1",
					"$(inherited)",
				);
				GCC_WARN_64_TO_32_BIT_CONVERSION = YES;
				GCC_WARN_ABOUT_RETURN_TYPE = YES_ERROR;
				GCC_WARN_UNDECLARED_SELECTOR = YES;
				GCC_WARN_UNINITIALIZED_AUTOS = YES_AGGRESSIVE;
				GCC_WARN_UNUSED_FUNCTION = YES;
				GCC_WARN_UNUSED_VARIABLE = YES;
				IPHONEOS_DEPLOYMENT_TARGET = 17.0;
				LOCALIZATION_PREFERS_STRING_CATALOGS = YES;
				MTL_ENABLE_DEBUG_INFO = INCLUDE_SOURCE;
				MTL_FAST_MATH = YES;
				ONLY_ACTIVE_ARCH = YES;
				SDKROOT = iphoneos;
				SWIFT_ACTIVE_COMPILATION_CONDITIONS = "DEBUG $(inherited)";
				SWIFT_OPTIMIZATION_LEVEL = "-Onone";
			};
			name = Debug;
		};
		B4024DD22B2800AB00051012 /* Release */ = {
			isa = XCBuildConfiguration;
			buildSettings = {
				ALWAYS_SEARCH_USER_PATHS = NO;
				ASSETCATALOG_COMPILER_GENERATE_SWIFT_ASSET_SYMBOL_EXTENSIONS = YES;
				CLANG_ANALYZER_NONNULL = YES;
				CLANG_ANALYZER_NUMBER_OBJECT_CONVERSION = YES_AGGRESSIVE;
				CLANG_CXX_LANGUAGE_STANDARD = "gnu++20";
				CLANG_ENABLE_MODULES = YES;
				CLANG_ENABLE_OBJC_ARC = YES;
				CLANG_ENABLE_OBJC_WEAK = YES;
				CLANG_WARN_BLOCK_CAPTURE_AUTORELEASING = YES;
				CLANG_WARN_BOOL_CONVERSION = YES;
				CLANG_WARN_COMMA = YES;
				CLANG_WARN_CONSTANT_CONVERSION = YES;
				CLANG_WARN_DEPRECATED_OBJC_IMPLEMENTATIONS = YES;
				CLANG_WARN_DIRECT_OBJC_ISA_USAGE = YES_ERROR;
				CLANG_WARN_DOCUMENTATION_COMMENTS = YES;
				CLANG_WARN_EMPTY_BODY = YES;
				CLANG_WARN_ENUM_CONVERSION = YES;
				CLANG_WARN_INFINITE_RECURSION = YES;
				CLANG_WARN_INT_CONVERSION = YES;
				CLANG_WARN_NON_LITERAL_NULL_CONVERSION = YES;
				CLANG_WARN_OBJC_IMPLICIT_RETAIN_SELF = YES;
				CLANG_WARN_OBJC_LITERAL_CONVERSION = YES;
				CLANG_WARN_OBJC_ROOT_CLASS = YES_ERROR;
				CLANG_WARN_QUOTED_INCLUDE_IN_FRAMEWORK_HEADER = YES;
				CLANG_WARN_RANGE_LOOP_ANALYSIS = YES;
				CLANG_WARN_STRICT_PROTOTYPES = YES;
				CLANG_WARN_SUSPICIOUS_MOVE = YES;
				CLANG_WARN_UNGUARDED_AVAILABILITY = YES_AGGRESSIVE;
				CLANG_WARN_UNREACHABLE_CODE = YES;
				CLANG_WARN__DUPLICATE_METHOD_MATCH = YES;
				COPY_PHASE_STRIP = NO;
				DEBUG_INFORMATION_FORMAT = "dwarf-with-dsym";
				ENABLE_NS_ASSERTIONS = NO;
				ENABLE_STRICT_OBJC_MSGSEND = YES;
				ENABLE_USER_SCRIPT_SANDBOXING = YES;
				GCC_C_LANGUAGE_STANDARD = gnu17;
				GCC_NO_COMMON_BLOCKS = YES;
				GCC_WARN_64_TO_32_BIT_CONVERSION = YES;
				GCC_WARN_ABOUT_RETURN_TYPE = YES_ERROR;
				GCC_WARN_UNDECLARED_SELECTOR = YES;
				GCC_WARN_UNINITIALIZED_AUTOS = YES_AGGRESSIVE;
				GCC_WARN_UNUSED_FUNCTION = YES;
				GCC_WARN_UNUSED_VARIABLE = YES;
				IPHONEOS_DEPLOYMENT_TARGET = 17.0;
				LOCALIZATION_PREFERS_STRING_CATALOGS = YES;
				MTL_ENABLE_DEBUG_INFO = NO;
				MTL_FAST_MATH = YES;
				SDKROOT = iphoneos;
				SWIFT_COMPILATION_MODE = wholemodule;
				VALIDATE_PRODUCT = YES;
			};
			name = Release;
		};
		B4024DD42B2800AB00051012 /* Debug */ = {
			isa = XCBuildConfiguration;
			buildSettings = {
				ASSETCATALOG_COMPILER_APPICON_NAME = AppIcon;
				ASSETCATALOG_COMPILER_GLOBAL_ACCENT_COLOR_NAME = AccentColor;
				CODE_SIGN_STYLE = Automatic;
				CURRENT_PROJECT_VERSION = 1;
				DEVELOPMENT_TEAM = LCF666YCPU;
				GENERATE_INFOPLIST_FILE = YES;
				INFOPLIST_FILE = Flower/Info.plist;
				INFOPLIST_KEY_UIApplicationSupportsIndirectInputEvents = YES;
				INFOPLIST_KEY_UILaunchStoryboardName = LaunchScreen;
				INFOPLIST_KEY_UIMainStoryboardFile = Main;
				INFOPLIST_KEY_UISupportedInterfaceOrientations = UIInterfaceOrientationPortrait;
				IPHONEOS_DEPLOYMENT_TARGET = 15.0;
				LD_RUNPATH_SEARCH_PATHS = (
					"$(inherited)",
					"@executable_path/Frameworks",
				);
				MARKETING_VERSION = 1.0;
				PRODUCT_BUNDLE_IDENTIFIER = khh.chris.Flower;
				PRODUCT_NAME = "$(TARGET_NAME)";
				SWIFT_EMIT_LOC_STRINGS = YES;
				SWIFT_VERSION = 5.0;
				TARGETED_DEVICE_FAMILY = "1,2";
			};
			name = Debug;
		};
		B4024DD52B2800AB00051012 /* Release */ = {
			isa = XCBuildConfiguration;
			buildSettings = {
				ASSETCATALOG_COMPILER_APPICON_NAME = AppIcon;
				ASSETCATALOG_COMPILER_GLOBAL_ACCENT_COLOR_NAME = AccentColor;
				CODE_SIGN_STYLE = Automatic;
				CURRENT_PROJECT_VERSION = 1;
				DEVELOPMENT_TEAM = LCF666YCPU;
				GENERATE_INFOPLIST_FILE = YES;
				INFOPLIST_FILE = Flower/Info.plist;
				INFOPLIST_KEY_UIApplicationSupportsIndirectInputEvents = YES;
				INFOPLIST_KEY_UILaunchStoryboardName = LaunchScreen;
				INFOPLIST_KEY_UIMainStoryboardFile = Main;
				INFOPLIST_KEY_UISupportedInterfaceOrientations = UIInterfaceOrientationPortrait;
				IPHONEOS_DEPLOYMENT_TARGET = 15.0;
				LD_RUNPATH_SEARCH_PATHS = (
					"$(inherited)",
					"@executable_path/Frameworks",
				);
				MARKETING_VERSION = 1.0;
				PRODUCT_BUNDLE_IDENTIFIER = khh.chris.Flower;
				PRODUCT_NAME = "$(TARGET_NAME)";
				SWIFT_EMIT_LOC_STRINGS = YES;
				SWIFT_VERSION = 5.0;
				TARGETED_DEVICE_FAMILY = "1,2";
			};
			name = Release;
		};
/* End XCBuildConfiguration section */

/* Begin XCConfigurationList section */
		B4024DBA2B2800A800051012 /* Build configuration list for PBXProject "Flower" */ = {
			isa = XCConfigurationList;
			buildConfigurations = (
				B4024DD12B2800AB00051012 /* Debug */,
				B4024DD22B2800AB00051012 /* Release */,
			);
			defaultConfigurationIsVisible = 0;
			defaultConfigurationName = Release;
		};
		B4024DD32B2800AB00051012 /* Build configuration list for PBXNativeTarget "Flower" */ = {
			isa = XCConfigurationList;
			buildConfigurations = (
				B4024DD42B2800AB00051012 /* Debug */,
				B4024DD52B2800AB00051012 /* Release */,
			);
			defaultConfigurationIsVisible = 0;
			defaultConfigurationName = Release;
		};
/* End XCConfigurationList section */
	};
	rootObject = B4024DB72B2800A800051012 /* Project object */;
}
